// !$*UTF8*$!
{
	archiveVersion = 1;
	classes = {
	};
	objectVersion = 77;
	objects = {

/* Begin PBXContainerItemProxy section */
		331FAD6B2DD3B61100D53829 /* PBXContainerItemProxy */ = {
			isa = PBXContainerItemProxy;
			containerPortal = 331FAD552DD3B61000D53829 /* Project object */;
			proxyType = 1;
			remoteGlobalIDString = 331FAD5C2DD3B61000D53829;
			remoteInfo = CountriesSwiftUI;
		};
		331FAD752DD3B61100D53829 /* PBXContainerItemProxy */ = {
			isa = PBXContainerItemProxy;
			containerPortal = 331FAD552DD3B61000D53829 /* Project object */;
			proxyType = 1;
			remoteGlobalIDString = 331FAD5C2DD3B61000D53829;
			remoteInfo = CountriesSwiftUI;
		};
/* End PBXContainerItemProxy section */

/* Begin PBXFileReference section */
		331FAD5D2DD3B61000D53829 /* CountriesSwiftUI.app */ = {isa = PBXFileReference; explicitFileType = wrapper.application; includeInIndex = 0; path = CountriesSwiftUI.app; sourceTree = BUILT_PRODUCTS_DIR; };
		331FAD6A2DD3B61100D53829 /* CountriesSwiftUITests.xctest */ = {isa = PBXFileReference; explicitFileType = wrapper.cfbundle; includeInIndex = 0; path = CountriesSwiftUITests.xctest; sourceTree = BUILT_PRODUCTS_DIR; };
		331FAD742DD3B61100D53829 /* CountriesSwiftUIUITests.xctest */ = {isa = PBXFileReference; explicitFileType = wrapper.cfbundle; includeInIndex = 0; path = CountriesSwiftUIUITests.xctest; sourceTree = BUILT_PRODUCTS_DIR; };
/* End PBXFileReference section */

/* Begin PBXFileSystemSynchronizedRootGroup section */
		331FAD5F2DD3B61000D53829 /* CountriesSwiftUI */ = {
			isa = PBXFileSystemSynchronizedRootGroup;
			path = CountriesSwiftUI;
			sourceTree = "<group>";
		};
		331FAD6D2DD3B61100D53829 /* CountriesSwiftUITests */ = {
			isa = PBXFileSystemSynchronizedRootGroup;
			path = CountriesSwiftUITests;
			sourceTree = "<group>";
		};
		331FAD772DD3B61100D53829 /* CountriesSwiftUIUITests */ = {
			isa = PBXFileSystemSynchronizedRootGroup;
			path = CountriesSwiftUIUITests;
			sourceTree = "<group>";
		};
/* End PBXFileSystemSynchronizedRootGroup section */

/* Begin PBXFrameworksBuildPhase section */
		331FAD5A2DD3B61000D53829 /* Frameworks */ = {
			isa = PBXFrameworksBuildPhase;
			buildActionMask = 2147483647;
			files = (
			);
			runOnlyForDeploymentPostprocessing = 0;
		};
		331FAD672DD3B61100D53829 /* Frameworks */ = {
			isa = PBXFrameworksBuildPhase;
			buildActionMask = 2147483647;
			files = (
			);
			runOnlyForDeploymentPostprocessing = 0;
		};
		331FAD712DD3B61100D53829 /* Frameworks */ = {
			isa = PBXFrameworksBuildPhase;
			buildActionMask = 2147483647;
			files = (
			);
			runOnlyForDeploymentPostprocessing = 0;
		};
/* End PBXFrameworksBuildPhase section */

/* Begin PBXGroup section */
		331FAD542DD3B61000D53829 = {
			isa = PBXGroup;
			children = (
				331FAD5F2DD3B61000D53829 /* CountriesSwiftUI */,
				331FAD6D2DD3B61100D53829 /* CountriesSwiftUITests */,
				331FAD772DD3B61100D53829 /* CountriesSwiftUIUITests */,
				331FAD5E2DD3B61000D53829 /* Products */,
			);
			sourceTree = "<group>";
		};
		331FAD5E2DD3B61000D53829 /* Products */ = {
			isa = PBXGroup;
			children = (
				331FAD5D2DD3B61000D53829 /* CountriesSwiftUI.app */,
				331FAD6A2DD3B61100D53829 /* CountriesSwiftUITests.xctest */,
				331FAD742DD3B61100D53829 /* CountriesSwiftUIUITests.xctest */,
			);
			name = Products;
			sourceTree = "<group>";
		};
/* End PBXGroup section */

/* Begin PBXNativeTarget section */
		331FAD5C2DD3B61000D53829 /* CountriesSwiftUI */ = {
			isa = PBXNativeTarget;
			buildConfigurationList = 331FAD7E2DD3B61100D53829 /* Build configuration list for PBXNativeTarget "CountriesSwiftUI" */;
			buildPhases = (
				331FAD592DD3B61000D53829 /* Sources */,
				331FAD5A2DD3B61000D53829 /* Frameworks */,
				331FAD5B2DD3B61000D53829 /* Resources */,
			);
			buildRules = (
			);
			dependencies = (
			);
			fileSystemSynchronizedGroups = (
				331FAD5F2DD3B61000D53829 /* CountriesSwiftUI */,
			);
			name = CountriesSwiftUI;
			packageProductDependencies = (
			);
			productName = CountriesSwiftUI;
			productReference = 331FAD5D2DD3B61000D53829 /* CountriesSwiftUI.app */;
			productType = "com.apple.product-type.application";
		};
		331FAD692DD3B61100D53829 /* CountriesSwiftUITests */ = {
			isa = PBXNativeTarget;
			buildConfigurationList = 331FAD812DD3B61100D53829 /* Build configuration list for PBXNativeTarget "CountriesSwiftUITests" */;
			buildPhases = (
				331FAD662DD3B61100D53829 /* Sources */,
				331FAD672DD3B61100D53829 /* Frameworks */,
				331FAD682DD3B61100D53829 /* Resources */,
			);
			buildRules = (
			);
			dependencies = (
				331FAD6C2DD3B61100D53829 /* PBXTargetDependency */,
			);
			fileSystemSynchronizedGroups = (
				331FAD6D2DD3B61100D53829 /* CountriesSwiftUITests */,
			);
			name = CountriesSwiftUITests;
			packageProductDependencies = (
			);
			productName = CountriesSwiftUITests;
			productReference = 331FAD6A2DD3B61100D53829 /* CountriesSwiftUITests.xctest */;
			productType = "com.apple.product-type.bundle.unit-test";
		};
		331FAD732DD3B61100D53829 /* CountriesSwiftUIUITests */ = {
			isa = PBXNativeTarget;
			buildConfigurationList = 331FAD842DD3B61100D53829 /* Build configuration list for PBXNativeTarget "CountriesSwiftUIUITests" */;
			buildPhases = (
				331FAD702DD3B61100D53829 /* Sources */,
				331FAD712DD3B61100D53829 /* Frameworks */,
				331FAD722DD3B61100D53829 /* Resources */,
			);
			buildRules = (
			);
			dependencies = (
				331FAD762DD3B61100D53829 /* PBXTargetDependency */,
			);
			fileSystemSynchronizedGroups = (
				331FAD772DD3B61100D53829 /* CountriesSwiftUIUITests */,
			);
			name = CountriesSwiftUIUITests;
			packageProductDependencies = (
			);
			productName = CountriesSwiftUIUITests;
			productReference = 331FAD742DD3B61100D53829 /* CountriesSwiftUIUITests.xctest */;
			productType = "com.apple.product-type.bundle.ui-testing";
		};
/* End PBXNativeTarget section */

/* Begin PBXProject section */
		331FAD552DD3B61000D53829 /* Project object */ = {
			isa = PBXProject;
			attributes = {
				BuildIndependentTargetsInParallel = 1;
				LastSwiftUpdateCheck = 1630;
				LastUpgradeCheck = 1630;
				TargetAttributes = {
					331FAD5C2DD3B61000D53829 = {
						CreatedOnToolsVersion = 16.3;
					};
					331FAD692DD3B61100D53829 = {
						CreatedOnToolsVersion = 16.3;
						TestTargetID = 331FAD5C2DD3B61000D53829;
					};
					331FAD732DD3B61100D53829 = {
						CreatedOnToolsVersion = 16.3;
						TestTargetID = 331FAD5C2DD3B61000D53829;
					};
				};
			};
			buildConfigurationList = 331FAD582DD3B61000D53829 /* Build configuration list for PBXProject "CountriesSwiftUI" */;
			developmentRegion = en;
			hasScannedForEncodings = 0;
			knownRegions = (
				en,
				Base,
			);
			mainGroup = 331FAD542DD3B61000D53829;
			minimizedProjectReferenceProxies = 1;
			preferredProjectObjectVersion = 77;
			productRefGroup = 331FAD5E2DD3B61000D53829 /* Products */;
			projectDirPath = "";
			projectRoot = "";
			targets = (
				331FAD5C2DD3B61000D53829 /* CountriesSwiftUI */,
				331FAD692DD3B61100D53829 /* CountriesSwiftUITests */,
				331FAD732DD3B61100D53829 /* CountriesSwiftUIUITests */,
			);
		};
/* End PBXProject section */

/* Begin PBXResourcesBuildPhase section */
		331FAD5B2DD3B61000D53829 /* Resources */ = {
			isa = PBXResourcesBuildPhase;
			buildActionMask = 2147483647;
			files = (
			);
			runOnlyForDeploymentPostprocessing = 0;
		};
		331FAD682DD3B61100D53829 /* Resources */ = {
			isa = PBXResourcesBuildPhase;
			buildActionMask = 2147483647;
			files = (
			);
			runOnlyForDeploymentPostprocessing = 0;
		};
		331FAD722DD3B61100D53829 /* Resources */ = {
			isa = PBXResourcesBuildPhase;
			buildActionMask = 2147483647;
			files = (
			);
			runOnlyForDeploymentPostprocessing = 0;
		};
/* End PBXResourcesBuildPhase section */

/* Begin PBXSourcesBuildPhase section */
		331FAD592DD3B61000D53829 /* Sources */ = {
			isa = PBXSourcesBuildPhase;
			buildActionMask = 2147483647;
			files = (
			);
			runOnlyForDeploymentPostprocessing = 0;
		};
		331FAD662DD3B61100D53829 /* Sources */ = {
			isa = PBXSourcesBuildPhase;
			buildActionMask = 2147483647;
			files = (
			);
			runOnlyForDeploymentPostprocessing = 0;
		};
		331FAD702DD3B61100D53829 /* Sources */ = {
			isa = PBXSourcesBuildPhase;
			buildActionMask = 2147483647;
			files = (
			);
			runOnlyForDeploymentPostprocessing = 0;
		};
/* End PBXSourcesBuildPhase section */

/* Begin PBXTargetDependency section */
		331FAD6C2DD3B61100D53829 /* PBXTargetDependency */ = {
			isa = PBXTargetDependency;
			target = 331FAD5C2DD3B61000D53829 /* CountriesSwiftUI */;
			targetProxy = 331FAD6B2DD3B61100D53829 /* PBXContainerItemProxy */;
		};
		331FAD762DD3B61100D53829 /* PBXTargetDependency */ = {
			isa = PBXTargetDependency;
			target = 331FAD5C2DD3B61000D53829 /* CountriesSwiftUI */;
			targetProxy = 331FAD752DD3B61100D53829 /* PBXContainerItemProxy */;
		};
/* End PBXTargetDependency section */

/* Begin XCBuildConfiguration section */
		331FAD7C2DD3B61100D53829 /* Debug */ = {
			isa = XCBuildConfiguration;
			buildSettings = {
				ALWAYS_SEARCH_USER_PATHS = NO;
				ASSETCATALOG_COMPILER_GENERATE_SWIFT_ASSET_SYMBOL_EXTENSIONS = YES;
				CLANG_ANALYZER_NONNULL = YES;
				CLANG_ANALYZER_NUMBER_OBJECT_CONVERSION = YES_AGGRESSIVE;
				CLANG_CXX_LANGUAGE_STANDARD = "gnu++20";
				CLANG_ENABLE_MODULES = YES;
				CLANG_ENABLE_OBJC_ARC = YES;
				CLANG_ENABLE_OBJC_WEAK = YES;
				CLANG_WARN_BLOCK_CAPTURE_AUTORELEASING = YES;
				CLANG_WARN_BOOL_CONVERSION = YES;
				CLANG_WARN_COMMA = YES;
				CLANG_WARN_CONSTANT_CONVERSION = YES;
				CLANG_WARN_DEPRECATED_OBJC_IMPLEMENTATIONS = YES;
				CLANG_WARN_DIRECT_OBJC_ISA_USAGE = YES_ERROR;
				CLANG_WARN_DOCUMENTATION_COMMENTS = YES;
				CLANG_WARN_EMPTY_BODY = YES;
				CLANG_WARN_ENUM_CONVERSION = YES;
				CLANG_WARN_INFINITE_RECURSION = YES;
				CLANG_WARN_INT_CONVERSION = YES;
				CLANG_WARN_NON_LITERAL_NULL_CONVERSION = YES;
				CLANG_WARN_OBJC_IMPLICIT_RETAIN_SELF = YES;
				CLANG_WARN_OBJC_LITERAL_CONVERSION = YES;
				CLANG_WARN_OBJC_ROOT_CLASS = YES_ERROR;
				CLANG_WARN_QUOTED_INCLUDE_IN_FRAMEWORK_HEADER = YES;
				CLANG_WARN_RANGE_LOOP_ANALYSIS = YES;
				CLANG_WARN_STRICT_PROTOTYPES = YES;
				CLANG_WARN_SUSPICIOUS_MOVE = YES;
				CLANG_WARN_UNGUARDED_AVAILABILITY = YES_AGGRESSIVE;
				CLANG_WARN_UNREACHABLE_CODE = YES;
				CLANG_WARN__DUPLICATE_METHOD_MATCH = YES;
				COPY_PHASE_STRIP = NO;
				DEBUG_INFORMATION_FORMAT = dwarf;
				DEVELOPMENT_TEAM = J96BZ9PSBR;
				ENABLE_STRICT_OBJC_MSGSEND = YES;
				ENABLE_TESTABILITY = YES;
				ENABLE_USER_SCRIPT_SANDBOXING = YES;
				GCC_C_LANGUAGE_STANDARD = gnu17;
				GCC_DYNAMIC_NO_PIC = NO;
				GCC_NO_COMMON_BLOCKS = YES;
				GCC_OPTIMIZATION_LEVEL = 0;
				GCC_PREPROCESSOR_DEFINITIONS = (
					"DEBUG=1",
					"$(inherited)",
				);
				GCC_WARN_64_TO_32_BIT_CONVERSION = YES;
				GCC_WARN_ABOUT_RETURN_TYPE = YES_ERROR;
				GCC_WARN_UNDECLARED_SELECTOR = YES;
				GCC_WARN_UNINITIALIZED_AUTOS = YES_AGGRESSIVE;
				GCC_WARN_UNUSED_FUNCTION = YES;
				GCC_WARN_UNUSED_VARIABLE = YES;
				IPHONEOS_DEPLOYMENT_TARGET = 18.4;
				LOCALIZATION_PREFERS_STRING_CATALOGS = YES;
				MTL_ENABLE_DEBUG_INFO = INCLUDE_SOURCE;
				MTL_FAST_MATH = YES;
				ONLY_ACTIVE_ARCH = YES;
				SDKROOT = iphoneos;
				SWIFT_ACTIVE_COMPILATION_CONDITIONS = "DEBUG $(inherited)";
				SWIFT_OPTIMIZATION_LEVEL = "-Onone";
			};
			name = Debug;
		};
		331FAD7D2DD3B61100D53829 /* Release */ = {
			isa = XCBuildConfiguration;
			buildSettings = {
				ALWAYS_SEARCH_USER_PATHS = NO;
				ASSETCATALOG_COMPILER_GENERATE_SWIFT_ASSET_SYMBOL_EXTENSIONS = YES;
				CLANG_ANALYZER_NONNULL = YES;
				CLANG_ANALYZER_NUMBER_OBJECT_CONVERSION = YES_AGGRESSIVE;
				CLANG_CXX_LANGUAGE_STANDARD = "gnu++20";
				CLANG_ENABLE_MODULES = YES;
				CLANG_ENABLE_OBJC_ARC = YES;
				CLANG_ENABLE_OBJC_WEAK = YES;
				CLANG_WARN_BLOCK_CAPTURE_AUTORELEASING = YES;
				CLANG_WARN_BOOL_CONVERSION = YES;
				CLANG_WARN_COMMA = YES;
				CLANG_WARN_CONSTANT_CONVERSION = YES;
				CLANG_WARN_DEPRECATED_OBJC_IMPLEMENTATIONS = YES;
				CLANG_WARN_DIRECT_OBJC_ISA_USAGE = YES_ERROR;
				CLANG_WARN_DOCUMENTATION_COMMENTS = YES;
				CLANG_WARN_EMPTY_BODY = YES;
				CLANG_WARN_ENUM_CONVERSION = YES;
				CLANG_WARN_INFINITE_RECURSION = YES;
				CLANG_WARN_INT_CONVERSION = YES;
				CLANG_WARN_NON_LITERAL_NULL_CONVERSION = YES;
				CLANG_WARN_OBJC_IMPLICIT_RETAIN_SELF = YES;
				CLANG_WARN_OBJC_LITERAL_CONVERSION = YES;
				CLANG_WARN_OBJC_ROOT_CLASS = YES_ERROR;
				CLANG_WARN_QUOTED_INCLUDE_IN_FRAMEWORK_HEADER = YES;
				CLANG_WARN_RANGE_LOOP_ANALYSIS = YES;
				CLANG_WARN_STRICT_PROTOTYPES = YES;
				CLANG_WARN_SUSPICIOUS_MOVE = YES;
				CLANG_WARN_UNGUARDED_AVAILABILITY = YES_AGGRESSIVE;
				CLANG_WARN_UNREACHABLE_CODE = YES;
				CLANG_WARN__DUPLICATE_METHOD_MATCH = YES;
				COPY_PHASE_STRIP = NO;
				DEBUG_INFORMATION_FORMAT = "dwarf-with-dsym";
				DEVELOPMENT_TEAM = J96BZ9PSBR;
				ENABLE_NS_ASSERTIONS = NO;
				ENABLE_STRICT_OBJC_MSGSEND = YES;
				ENABLE_USER_SCRIPT_SANDBOXING = YES;
				GCC_C_LANGUAGE_STANDARD = gnu17;
				GCC_NO_COMMON_BLOCKS = YES;
				GCC_WARN_64_TO_32_BIT_CONVERSION = YES;
				GCC_WARN_ABOUT_RETURN_TYPE = YES_ERROR;
				GCC_WARN_UNDECLARED_SELECTOR = YES;
				GCC_WARN_UNINITIALIZED_AUTOS = YES_AGGRESSIVE;
				GCC_WARN_UNUSED_FUNCTION = YES;
				GCC_WARN_UNUSED_VARIABLE = YES;
				IPHONEOS_DEPLOYMENT_TARGET = 18.4;
				LOCALIZATION_PREFERS_STRING_CATALOGS = YES;
				MTL_ENABLE_DEBUG_INFO = NO;
				MTL_FAST_MATH = YES;
				SDKROOT = iphoneos;
				SWIFT_COMPILATION_MODE = wholemodule;
				VALIDATE_PRODUCT = YES;
			};
			name = Release;
		};
		331FAD7F2DD3B61100D53829 /* Debug */ = {
			isa = XCBuildConfiguration;
			buildSettings = {
				ASSETCATALOG_COMPILER_APPICON_NAME = AppIcon;
				ASSETCATALOG_COMPILER_GLOBAL_ACCENT_COLOR_NAME = AccentColor;
				CODE_SIGN_STYLE = Automatic;
				CURRENT_PROJECT_VERSION = 1;
				DEVELOPMENT_TEAM = J96BZ9PSBR;
				ENABLE_PREVIEWS = YES;
				GENERATE_INFOPLIST_FILE = YES;
				INFOPLIST_KEY_UIApplicationSceneManifest_Generation = YES;
				INFOPLIST_KEY_UIApplicationSupportsIndirectInputEvents = YES;
				INFOPLIST_KEY_UILaunchScreen_Generation = YES;
				INFOPLIST_KEY_UISupportedInterfaceOrientations_iPad = "UIInterfaceOrientationPortrait UIInterfaceOrientationPortraitUpsideDown UIInterfaceOrientationLandscapeLeft UIInterfaceOrientationLandscapeRight";
				INFOPLIST_KEY_UISupportedInterfaceOrientations_iPhone = "UIInterfaceOrientationPortrait UIInterfaceOrientationLandscapeLeft UIInterfaceOrientationLandscapeRight";
				LD_RUNPATH_SEARCH_PATHS = (
					"$(inherited)",
					"@executable_path/Frameworks",
				);
				MARKETING_VERSION = 1.0;
				PRODUCT_BUNDLE_IDENTIFIER = danicano.CountriesSwiftUI;
				PRODUCT_NAME = "$(TARGET_NAME)";
				SWIFT_EMIT_LOC_STRINGS = YES;
				SWIFT_VERSION = 5.0;
				TARGETED_DEVICE_FAMILY = "1,2";
			};
			name = Debug;
		};
		331FAD802DD3B61100D53829 /* Release */ = {
			isa = XCBuildConfiguration;
			buildSettings = {
				ASSETCATALOG_COMPILER_APPICON_NAME = AppIcon;
				ASSETCATALOG_COMPILER_GLOBAL_ACCENT_COLOR_NAME = AccentColor;
				CODE_SIGN_STYLE = Automatic;
				CURRENT_PROJECT_VERSION = 1;
				DEVELOPMENT_TEAM = J96BZ9PSBR;
				ENABLE_PREVIEWS = YES;
				GENERATE_INFOPLIST_FILE = YES;
				INFOPLIST_KEY_UIApplicationSceneManifest_Generation = YES;
				INFOPLIST_KEY_UIApplicationSupportsIndirectInputEvents = YES;
				INFOPLIST_KEY_UILaunchScreen_Generation = YES;
				INFOPLIST_KEY_UISupportedInterfaceOrientations_iPad = "UIInterfaceOrientationPortrait UIInterfaceOrientationPortraitUpsideDown UIInterfaceOrientationLandscapeLeft UIInterfaceOrientationLandscapeRight";
				INFOPLIST_KEY_UISupportedInterfaceOrientations_iPhone = "UIInterfaceOrientationPortrait UIInterfaceOrientationLandscapeLeft UIInterfaceOrientationLandscapeRight";
				LD_RUNPATH_SEARCH_PATHS = (
					"$(inherited)",
					"@executable_path/Frameworks",
				);
				MARKETING_VERSION = 1.0;
				PRODUCT_BUNDLE_IDENTIFIER = danicano.CountriesSwiftUI;
				PRODUCT_NAME = "$(TARGET_NAME)";
				SWIFT_EMIT_LOC_STRINGS = YES;
				SWIFT_VERSION = 5.0;
				TARGETED_DEVICE_FAMILY = "1,2";
			};
			name = Release;
		};
		331FAD822DD3B61100D53829 /* Debug */ = {
			isa = XCBuildConfiguration;
			buildSettings = {
				BUNDLE_LOADER = "$(TEST_HOST)";
				CODE_SIGN_STYLE = Automatic;
				CURRENT_PROJECT_VERSION = 1;
				DEVELOPMENT_TEAM = J96BZ9PSBR;
				GENERATE_INFOPLIST_FILE = YES;
				IPHONEOS_DEPLOYMENT_TARGET = 18.4;
				MARKETING_VERSION = 1.0;
				PRODUCT_BUNDLE_IDENTIFIER = danicano.CountriesSwiftUITests;
				PRODUCT_NAME = "$(TARGET_NAME)";
				SWIFT_EMIT_LOC_STRINGS = NO;
				SWIFT_VERSION = 5.0;
				TARGETED_DEVICE_FAMILY = "1,2";
				TEST_HOST = "$(BUILT_PRODUCTS_DIR)/CountriesSwiftUI.app/$(BUNDLE_EXECUTABLE_FOLDER_PATH)/CountriesSwiftUI";
			};
			name = Debug;
		};
		331FAD832DD3B61100D53829 /* Release */ = {
			isa = XCBuildConfiguration;
			buildSettings = {
				BUNDLE_LOADER = "$(TEST_HOST)";
				CODE_SIGN_STYLE = Automatic;
				CURRENT_PROJECT_VERSION = 1;
				DEVELOPMENT_TEAM = J96BZ9PSBR;
				GENERATE_INFOPLIST_FILE = YES;
				IPHONEOS_DEPLOYMENT_TARGET = 18.4;
				MARKETING_VERSION = 1.0;
				PRODUCT_BUNDLE_IDENTIFIER = danicano.CountriesSwiftUITests;
				PRODUCT_NAME = "$(TARGET_NAME)";
				SWIFT_EMIT_LOC_STRINGS = NO;
				SWIFT_VERSION = 5.0;
				TARGETED_DEVICE_FAMILY = "1,2";
				TEST_HOST = "$(BUILT_PRODUCTS_DIR)/CountriesSwiftUI.app/$(BUNDLE_EXECUTABLE_FOLDER_PATH)/CountriesSwiftUI";
			};
			name = Release;
		};
		331FAD852DD3B61100D53829 /* Debug */ = {
			isa = XCBuildConfiguration;
			buildSettings = {
				CODE_SIGN_STYLE = Automatic;
				CURRENT_PROJECT_VERSION = 1;
				DEVELOPMENT_TEAM = J96BZ9PSBR;
				GENERATE_INFOPLIST_FILE = YES;
				MARKETING_VERSION = 1.0;
				PRODUCT_BUNDLE_IDENTIFIER = danicano.CountriesSwiftUIUITests;
				PRODUCT_NAME = "$(TARGET_NAME)";
				SWIFT_EMIT_LOC_STRINGS = NO;
				SWIFT_VERSION = 5.0;
				TARGETED_DEVICE_FAMILY = "1,2";
				TEST_TARGET_NAME = CountriesSwiftUI;
			};
			name = Debug;
		};
		331FAD862DD3B61100D53829 /* Release */ = {
			isa = XCBuildConfiguration;
			buildSettings = {
				CODE_SIGN_STYLE = Automatic;
				CURRENT_PROJECT_VERSION = 1;
				DEVELOPMENT_TEAM = J96BZ9PSBR;
				GENERATE_INFOPLIST_FILE = YES;
				MARKETING_VERSION = 1.0;
				PRODUCT_BUNDLE_IDENTIFIER = danicano.CountriesSwiftUIUITests;
				PRODUCT_NAME = "$(TARGET_NAME)";
				SWIFT_EMIT_LOC_STRINGS = NO;
				SWIFT_VERSION = 5.0;
				TARGETED_DEVICE_FAMILY = "1,2";
				TEST_TARGET_NAME = CountriesSwiftUI;
			};
			name = Release;
		};
/* End XCBuildConfiguration section */

/* Begin XCConfigurationList section */
		331FAD582DD3B61000D53829 /* Build configuration list for PBXProject "CountriesSwiftUI" */ = {
			isa = XCConfigurationList;
			buildConfigurations = (
				331FAD7C2DD3B61100D53829 /* Debug */,
				331FAD7D2DD3B61100D53829 /* Release */,
			);
			defaultConfigurationIsVisible = 0;
			defaultConfigurationName = Release;
		};
		331FAD7E2DD3B61100D53829 /* Build configuration list for PBXNativeTarget "CountriesSwiftUI" */ = {
			isa = XCConfigurationList;
			buildConfigurations = (
				331FAD7F2DD3B61100D53829 /* Debug */,
				331FAD802DD3B61100D53829 /* Release */,
			);
			defaultConfigurationIsVisible = 0;
			defaultConfigurationName = Release;
		};
		331FAD812DD3B61100D53829 /* Build configuration list for PBXNativeTarget "CountriesSwiftUITests" */ = {
			isa = XCConfigurationList;
			buildConfigurations = (
				331FAD822DD3B61100D53829 /* Debug */,
				331FAD832DD3B61100D53829 /* Release */,
			);
			defaultConfigurationIsVisible = 0;
			defaultConfigurationName = Release;
		};
		331FAD842DD3B61100D53829 /* Build configuration list for PBXNativeTarget "CountriesSwiftUIUITests" */ = {
			isa = XCConfigurationList;
			buildConfigurations = (
				331FAD852DD3B61100D53829 /* Debug */,
				331FAD862DD3B61100D53829 /* Release */,
			);
			defaultConfigurationIsVisible = 0;
			defaultConfigurationName = Release;
		};
/* End XCConfigurationList section */
	};
	rootObject = 331FAD552DD3B61000D53829 /* Project object */;
}
